
Microsoft Visual Studio Solution File, Format Version 12.00
# Visual Studio 15
Project("{FAE04EC0-301F-11D3-BF4B-00C04F79EFBC}") = "Assembly-CSharp", "Assembly-CSharp.csproj", "{97D83FA2-5C3C-7F64-8A4A-71DB2E4E9D26}"
EndProject
Project("{FAE04EC0-301F-11D3-BF4B-00C04F79EFBC}") = "Assembly-CSharp-Editor", "Assembly-CSharp-Editor.csproj", "{91D7BF72-F6FA-4347-F836-33B23566ADA1}"
EndProject
Global
	GlobalSection(SolutionConfigurationPlatforms) = preSolution
		Debug|Any CPU = Debug|Any CPU
		Release|Any CPU = Release|Any CPU
	EndGlobalSection
	GlobalSection(ProjectConfigurationPlatforms) = postSolution
		{97D83FA2-5C3C-7F64-8A4A-71DB2E4E9D26}.Debug|Any CPU.ActiveCfg = Debug|Any CPU
		{97D83FA2-5C3C-7F64-8A4A-71DB2E4E9D26}.Debug|Any CPU.Build.0 = Debug|Any CPU
		{97D83FA2-5C3C-7F64-8A4A-71DB2E4E9D26}.Release|Any CPU.ActiveCfg = Release|Any CPU
		{97D83FA2-5C3C-7F64-8A4A-71DB2E4E9D26}.Release|Any CPU.Build.0 = Release|Any CPU
		{91D7BF72-F6FA-4347-F836-33B23566ADA1}.Debug|Any CPU.ActiveCfg = Debug|Any CPU
		{91D7BF72-F6FA-4347-F836-33B23566ADA1}.Debug|Any CPU.Build.0 = Debug|Any CPU
		{91D7BF72-F6FA-4347-F836-33B23566ADA1}.Release|Any CPU.ActiveCfg = Release|Any CPU
		{91D7BF72-F6FA-4347-F836-33B23566ADA1}.Release|Any CPU.Build.0 = Release|Any CPU
	EndGlobalSection
	GlobalSection(SolutionProperties) = preSolution
		HideSolutionNode = FALSE
	EndGlobalSection
EndGlobal
